// !$*UTF8*$!
{
	archiveVersion = 1;
	classes = {
	};
	objectVersion = 48;
	objects = {

/* Begin PBXBuildFile section */
		0911896D2088FABD004C64C4 /* end.jpg in Resources */ = {isa = PBXBuildFile; fileRef = 0911896C2088FABD004C64C4 /* end.jpg */; };
		09534DB0208A2BBF007806E8 /* road4.png in Resources */ = {isa = PBXBuildFile; fileRef = 09534D94208A2BBD007806E8 /* road4.png */; };
		09534DB1208A2BBF007806E8 /* car3.png in Resources */ = {isa = PBXBuildFile; fileRef = 09534D95208A2BBD007806E8 /* car3.png */; };
		09534DB2208A2BBF007806E8 /* car4.png in Resources */ = {isa = PBXBuildFile; fileRef = 09534D96208A2BBD007806E8 /* car4.png */; };
		09534DB3208A2BBF007806E8 /* road7.png in Resources */ = {isa = PBXBuildFile; fileRef = 09534D97208A2BBD007806E8 /* road7.png */; };
		09534DB4208A2BBF007806E8 /* road9.png in Resources */ = {isa = PBXBuildFile; fileRef = 09534D98208A2BBD007806E8 /* road9.png */; };
		09534DB5208A2BBF007806E8 /* road15.png in Resources */ = {isa = PBXBuildFile; fileRef = 09534D99208A2BBD007806E8 /* road15.png */; };
		09534DB6208A2BBF007806E8 /* road6.png in Resources */ = {isa = PBXBuildFile; fileRef = 09534D9A208A2BBD007806E8 /* road6.png */; };
		09534DB7208A2BBF007806E8 /* car2.png in Resources */ = {isa = PBXBuildFile; fileRef = 09534D9B208A2BBE007806E8 /* car2.png */; };
		09534DB8208A2BBF007806E8 /* road1.png in Resources */ = {isa = PBXBuildFile; fileRef = 09534D9C208A2BBE007806E8 /* road1.png */; };
		09534DB9208A2BBF007806E8 /* road18.png in Resources */ = {isa = PBXBuildFile; fileRef = 09534D9D208A2BBE007806E8 /* road18.png */; };
		09534DBA208A2BBF007806E8 /* road16.png in Resources */ = {isa = PBXBuildFile; fileRef = 09534D9E208A2BBE007806E8 /* road16.png */; };
		09534DBB208A2BBF007806E8 /* replay.png in Resources */ = {isa = PBXBuildFile; fileRef = 09534D9F208A2BBE007806E8 /* replay.png */; };
		09534DBC208A2BBF007806E8 /* car5.png in Resources */ = {isa = PBXBuildFile; fileRef = 09534DA0208A2BBE007806E8 /* car5.png */; };
		09534DBD208A2BBF007806E8 /* road5.png in Resources */ = {isa = PBXBuildFile; fileRef = 09534DA1208A2BBE007806E8 /* road5.png */; };
		09534DBE208A2BBF007806E8 /* road2.png in Resources */ = {isa = PBXBuildFile; fileRef = 09534DA2208A2BBE007806E8 /* road2.png */; };
		09534DBF208A2BBF007806E8 /* road20.png in Resources */ = {isa = PBXBuildFile; fileRef = 09534DA3208A2BBE007806E8 /* road20.png */; };
		09534DC0208A2BBF007806E8 /* road14.png in Resources */ = {isa = PBXBuildFile; fileRef = 09534DA4208A2BBE007806E8 /* road14.png */; };
		09534DC1208A2BBF007806E8 /* car1.png in Resources */ = {isa = PBXBuildFile; fileRef = 09534DA5208A2BBE007806E8 /* car1.png */; };
		09534DC2208A2BBF007806E8 /* road10.png in Resources */ = {isa = PBXBuildFile; fileRef = 09534DA6208A2BBE007806E8 /* road10.png */; };
		09534DC3208A2BBF007806E8 /* road17.png in Resources */ = {isa = PBXBuildFile; fileRef = 09534DA7208A2BBF007806E8 /* road17.png */; };
		09534DC4208A2BBF007806E8 /* car0.png in Resources */ = {isa = PBXBuildFile; fileRef = 09534DA8208A2BBF007806E8 /* car0.png */; };
		09534DC5208A2BBF007806E8 /* road8.png in Resources */ = {isa = PBXBuildFile; fileRef = 09534DA9208A2BBF007806E8 /* road8.png */; };
		09534DC6208A2BBF007806E8 /* road12.png in Resources */ = {isa = PBXBuildFile; fileRef = 09534DAA208A2BBF007806E8 /* road12.png */; };
		09534DC7208A2BBF007806E8 /* road3.png in Resources */ = {isa = PBXBuildFile; fileRef = 09534DAB208A2BBF007806E8 /* road3.png */; };
		09534DC8208A2BBF007806E8 /* road11.png in Resources */ = {isa = PBXBuildFile; fileRef = 09534DAC208A2BBF007806E8 /* road11.png */; };
		09534DC9208A2BBF007806E8 /* car6.png in Resources */ = {isa = PBXBuildFile; fileRef = 09534DAD208A2BBF007806E8 /* car6.png */; };
		09534DCA208A2BBF007806E8 /* road19.png in Resources */ = {isa = PBXBuildFile; fileRef = 09534DAE208A2BBF007806E8 /* road19.png */; };
		09534DCB208A2BBF007806E8 /* road13.png in Resources */ = {isa = PBXBuildFile; fileRef = 09534DAF208A2BBF007806E8 /* road13.png */; };
		095A669D2056CD4D001ACB14 /* AppDelegate.swift in Sources */ = {isa = PBXBuildFile; fileRef = 095A669C2056CD4D001ACB14 /* AppDelegate.swift */; };
		095A669F2056CD4D001ACB14 /* GameScene.sks in Resources */ = {isa = PBXBuildFile; fileRef = 095A669E2056CD4D001ACB14 /* GameScene.sks */; };
		095A66A12056CD4D001ACB14 /* Actions.sks in Resources */ = {isa = PBXBuildFile; fileRef = 095A66A02056CD4D001ACB14 /* Actions.sks */; };
		095A66A32056CD4D001ACB14 /* GameScene.swift in Sources */ = {isa = PBXBuildFile; fileRef = 095A66A22056CD4D001ACB14 /* GameScene.swift */; };
		095A66A52056CD4D001ACB14 /* GameViewController.swift in Sources */ = {isa = PBXBuildFile; fileRef = 095A66A42056CD4D001ACB14 /* GameViewController.swift */; };
		095A66A82056CD4D001ACB14 /* Main.storyboard in Resources */ = {isa = PBXBuildFile; fileRef = 095A66A62056CD4D001ACB14 /* Main.storyboard */; };
		095A66AA2056CD4D001ACB14 /* Assets.xcassets in Resources */ = {isa = PBXBuildFile; fileRef = 095A66A92056CD4D001ACB14 /* Assets.xcassets */; };
		095A66AD2056CD4D001ACB14 /* LaunchScreen.storyboard in Resources */ = {isa = PBXBuildFile; fileRef = 095A66AB2056CD4D001ACB14 /* LaunchScreen.storyboard */; };
		099927F5207B95EB0010210B /* DraggedImageView.swift in Sources */ = {isa = PBXBuildFile; fileRef = 099927F4207B95EB0010210B /* DraggedImageView.swift */; };
		099B5B89208A2031002760C0 /* maxresdefault-2.jpg in Resources */ = {isa = PBXBuildFile; fileRef = 099B5B88208A2031002760C0 /* maxresdefault-2.jpg */; };
		099B5B8B208A2099002760C0 /* cars.jpg in Resources */ = {isa = PBXBuildFile; fileRef = 099B5B8A208A2098002760C0 /* cars.jpg */; };
		09EE89732088F724003B704C /* soco.mp3 in Resources */ = {isa = PBXBuildFile; fileRef = 09EE89722088F724003B704C /* soco.mp3 */; };
/* End PBXBuildFile section */

/* Begin PBXFileReference section */
		0911896C2088FABD004C64C4 /* end.jpg */ = {isa = PBXFileReference; lastKnownFileType = image.jpeg; path = end.jpg; sourceTree = "<group>"; };
		09534D94208A2BBD007806E8 /* road4.png */ = {isa = PBXFileReference; lastKnownFileType = image.png; path = road4.png; sourceTree = "<group>"; };
		09534D95208A2BBD007806E8 /* car3.png */ = {isa = PBXFileReference; lastKnownFileType = image.png; path = car3.png; sourceTree = "<group>"; };
		09534D96208A2BBD007806E8 /* car4.png */ = {isa = PBXFileReference; lastKnownFileType = image.png; path = car4.png; sourceTree = "<group>"; };
		09534D97208A2BBD007806E8 /* road7.png */ = {isa = PBXFileReference; lastKnownFileType = image.png; path = road7.png; sourceTree = "<group>"; };
		09534D98208A2BBD007806E8 /* road9.png */ = {isa = PBXFileReference; lastKnownFileType = image.png; path = road9.png; sourceTree = "<group>"; };
		09534D99208A2BBD007806E8 /* road15.png */ = {isa = PBXFileReference; lastKnownFileType = image.png; path = road15.png; sourceTree = "<group>"; };
		09534D9A208A2BBD007806E8 /* road6.png */ = {isa = PBXFileReference; lastKnownFileType = image.png; path = road6.png; sourceTree = "<group>"; };
		09534D9B208A2BBE007806E8 /* car2.png */ = {isa = PBXFileReference; lastKnownFileType = image.png; path = car2.png; sourceTree = "<group>"; };
		09534D9C208A2BBE007806E8 /* road1.png */ = {isa = PBXFileReference; lastKnownFileType = image.png; path = road1.png; sourceTree = "<group>"; };
		09534D9D208A2BBE007806E8 /* road18.png */ = {isa = PBXFileReference; lastKnownFileType = image.png; path = road18.png; sourceTree = "<group>"; };
		09534D9E208A2BBE007806E8 /* road16.png */ = {isa = PBXFileReference; lastKnownFileType = image.png; path = road16.png; sourceTree = "<group>"; };
		09534D9F208A2BBE007806E8 /* replay.png */ = {isa = PBXFileReference; lastKnownFileType = image.png; path = replay.png; sourceTree = "<group>"; };
		09534DA0208A2BBE007806E8 /* car5.png */ = {isa = PBXFileReference; lastKnownFileType = image.png; path = car5.png; sourceTree = "<group>"; };
		09534DA1208A2BBE007806E8 /* road5.png */ = {isa = PBXFileReference; lastKnownFileType = image.png; path = road5.png; sourceTree = "<group>"; };
		09534DA2208A2BBE007806E8 /* road2.png */ = {isa = PBXFileReference; lastKnownFileType = image.png; path = road2.png; sourceTree = "<group>"; };
		09534DA3208A2BBE007806E8 /* road20.png */ = {isa = PBXFileReference; lastKnownFileType = image.png; path = road20.png; sourceTree = "<group>"; };
		09534DA4208A2BBE007806E8 /* road14.png */ = {isa = PBXFileReference; lastKnownFileType = image.png; path = road14.png; sourceTree = "<group>"; };
		09534DA5208A2BBE007806E8 /* car1.png */ = {isa = PBXFileReference; lastKnownFileType = image.png; path = car1.png; sourceTree = "<group>"; };
		09534DA6208A2BBE007806E8 /* road10.png */ = {isa = PBXFileReference; lastKnownFileType = image.png; path = road10.png; sourceTree = "<group>"; };
		09534DA7208A2BBF007806E8 /* road17.png */ = {isa = PBXFileReference; lastKnownFileType = image.png; path = road17.png; sourceTree = "<group>"; };
		09534DA8208A2BBF007806E8 /* car0.png */ = {isa = PBXFileReference; lastKnownFileType = image.png; path = car0.png; sourceTree = "<group>"; };
		09534DA9208A2BBF007806E8 /* road8.png */ = {isa = PBXFileReference; lastKnownFileType = image.png; path = road8.png; sourceTree = "<group>"; };
		09534DAA208A2BBF007806E8 /* road12.png */ = {isa = PBXFileReference; lastKnownFileType = image.png; path = road12.png; sourceTree = "<group>"; };
		09534DAB208A2BBF007806E8 /* road3.png */ = {isa = PBXFileReference; lastKnownFileType = image.png; path = road3.png; sourceTree = "<group>"; };
		09534DAC208A2BBF007806E8 /* road11.png */ = {isa = PBXFileReference; lastKnownFileType = image.png; path = road11.png; sourceTree = "<group>"; };
		09534DAD208A2BBF007806E8 /* car6.png */ = {isa = PBXFileReference; lastKnownFileType = image.png; path = car6.png; sourceTree = "<group>"; };
		09534DAE208A2BBF007806E8 /* road19.png */ = {isa = PBXFileReference; lastKnownFileType = image.png; path = road19.png; sourceTree = "<group>"; };
		09534DAF208A2BBF007806E8 /* road13.png */ = {isa = PBXFileReference; lastKnownFileType = image.png; path = road13.png; sourceTree = "<group>"; };
		095A66992056CD4D001ACB14 /* CarRace.app */ = {isa = PBXFileReference; explicitFileType = wrapper.application; includeInIndex = 0; path = CarRace.app; sourceTree = BUILT_PRODUCTS_DIR; };
		095A669C2056CD4D001ACB14 /* AppDelegate.swift */ = {isa = PBXFileReference; lastKnownFileType = sourcecode.swift; path = AppDelegate.swift; sourceTree = "<group>"; };
		095A669E2056CD4D001ACB14 /* GameScene.sks */ = {isa = PBXFileReference; lastKnownFileType = file.sks; path = GameScene.sks; sourceTree = "<group>"; };
		095A66A02056CD4D001ACB14 /* Actions.sks */ = {isa = PBXFileReference; lastKnownFileType = file.sks; path = Actions.sks; sourceTree = "<group>"; };
		095A66A22056CD4D001ACB14 /* GameScene.swift */ = {isa = PBXFileReference; lastKnownFileType = sourcecode.swift; path = GameScene.swift; sourceTree = "<group>"; };
		095A66A42056CD4D001ACB14 /* GameViewController.swift */ = {isa = PBXFileReference; lastKnownFileType = sourcecode.swift; path = GameViewController.swift; sourceTree = "<group>"; };
		095A66A72056CD4D001ACB14 /* Base */ = {isa = PBXFileReference; lastKnownFileType = file.storyboard; name = Base; path = Base.lproj/Main.storyboard; sourceTree = "<group>"; };
		095A66A92056CD4D001ACB14 /* Assets.xcassets */ = {isa = PBXFileReference; lastKnownFileType = folder.assetcatalog; path = Assets.xcassets; sourceTree = "<group>"; };
		095A66AC2056CD4D001ACB14 /* Base */ = {isa = PBXFileReference; lastKnownFileType = file.storyboard; name = Base; path = Base.lproj/LaunchScreen.storyboard; sourceTree = "<group>"; };
		095A66AE2056CD4D001ACB14 /* Info.plist */ = {isa = PBXFileReference; lastKnownFileType = text.plist.xml; path = Info.plist; sourceTree = "<group>"; };
		099927F4207B95EB0010210B /* DraggedImageView.swift */ = {isa = PBXFileReference; lastKnownFileType = sourcecode.swift; path = DraggedImageView.swift; sourceTree = "<group>"; };
		099B5B88208A2031002760C0 /* maxresdefault-2.jpg */ = {isa = PBXFileReference; lastKnownFileType = image.jpeg; path = "maxresdefault-2.jpg"; sourceTree = "<group>"; };
		099B5B8A208A2098002760C0 /* cars.jpg */ = {isa = PBXFileReference; lastKnownFileType = image.jpeg; path = cars.jpg; sourceTree = "<group>"; };
		09EE89722088F724003B704C /* soco.mp3 */ = {isa = PBXFileReference; lastKnownFileType = audio.mp3; path = soco.mp3; sourceTree = "<group>"; };
/* End PBXFileReference section */

/* Begin PBXFrameworksBuildPhase section */
		095A66962056CD4D001ACB14 /* Frameworks */ = {
			isa = PBXFrameworksBuildPhase;
			buildActionMask = 2147483647;
			files = (
			);
			runOnlyForDeploymentPostprocessing = 0;
		};
/* End PBXFrameworksBuildPhase section */

/* Begin PBXGroup section */
		095A66902056CD4D001ACB14 = {
			isa = PBXGroup;
			children = (
				095A669B2056CD4D001ACB14 /* CarRace */,
				095A669A2056CD4D001ACB14 /* Products */,
			);
			sourceTree = "<group>";
		};
		095A669A2056CD4D001ACB14 /* Products */ = {
			isa = PBXGroup;
			children = (
				095A66992056CD4D001ACB14 /* CarRace.app */,
			);
			name = Products;
			sourceTree = "<group>";
		};
		095A669B2056CD4D001ACB14 /* CarRace */ = {
			isa = PBXGroup;
			children = (
				095A66A62056CD4D001ACB14 /* Main.storyboard */,
				095A669C2056CD4D001ACB14 /* AppDelegate.swift */,
				095A669E2056CD4D001ACB14 /* GameScene.sks */,
				095A66A02056CD4D001ACB14 /* Actions.sks */,
				095A66A22056CD4D001ACB14 /* GameScene.swift */,
				095A66A42056CD4D001ACB14 /* GameViewController.swift */,
				099927F4207B95EB0010210B /* DraggedImageView.swift */,
				09EE89722088F724003B704C /* soco.mp3 */,
				099B5B88208A2031002760C0 /* maxresdefault-2.jpg */,
				09534DA0208A2BBE007806E8 /* car5.png */,
				09534DAD208A2BBF007806E8 /* car6.png */,
				09534DA8208A2BBF007806E8 /* car0.png */,
				09534DA5208A2BBE007806E8 /* car1.png */,
				09534D9B208A2BBE007806E8 /* car2.png */,
				09534D9F208A2BBE007806E8 /* replay.png */,
				099B5B8A208A2098002760C0 /* cars.jpg */,
				09534D95208A2BBD007806E8 /* car3.png */,
				09534D96208A2BBD007806E8 /* car4.png */,
				09534D9C208A2BBE007806E8 /* road1.png */,
				09534DA2208A2BBE007806E8 /* road2.png */,
				09534DAB208A2BBF007806E8 /* road3.png */,
				09534DA1208A2BBE007806E8 /* road5.png */,
				09534D9A208A2BBD007806E8 /* road6.png */,
				09534DA9208A2BBF007806E8 /* road8.png */,
				09534DAC208A2BBF007806E8 /* road11.png */,
				09534DA6208A2BBE007806E8 /* road10.png */,
				09534DAA208A2BBF007806E8 /* road12.png */,
				09534DAF208A2BBF007806E8 /* road13.png */,
				09534DA4208A2BBE007806E8 /* road14.png */,
				09534D9E208A2BBE007806E8 /* road16.png */,
				09534DA7208A2BBF007806E8 /* road17.png */,
				09534DAE208A2BBF007806E8 /* road19.png */,
				09534D94208A2BBD007806E8 /* road4.png */,
				09534D97208A2BBD007806E8 /* road7.png */,
				09534D98208A2BBD007806E8 /* road9.png */,
				09534D99208A2BBD007806E8 /* road15.png */,
				09534D9D208A2BBE007806E8 /* road18.png */,
				09534DA3208A2BBE007806E8 /* road20.png */,
				0911896C2088FABD004C64C4 /* end.jpg */,
				095A66A92056CD4D001ACB14 /* Assets.xcassets */,
				095A66AB2056CD4D001ACB14 /* LaunchScreen.storyboard */,
				095A66AE2056CD4D001ACB14 /* Info.plist */,
			);
			path = CarRace;
			sourceTree = "<group>";
		};
/* End PBXGroup section */

/* Begin PBXNativeTarget section */
		095A66982056CD4D001ACB14 /* CarRace */ = {
			isa = PBXNativeTarget;
			buildConfigurationList = 095A66B12056CD4D001ACB14 /* Build configuration list for PBXNativeTarget "CarRace" */;
			buildPhases = (
				095A66952056CD4D001ACB14 /* Sources */,
				095A66962056CD4D001ACB14 /* Frameworks */,
				095A66972056CD4D001ACB14 /* Resources */,
			);
			buildRules = (
			);
			dependencies = (
			);
			name = CarRace;
			productName = CarRace;
			productReference = 095A66992056CD4D001ACB14 /* CarRace.app */;
			productType = "com.apple.product-type.application";
		};
/* End PBXNativeTarget section */

/* Begin PBXProject section */
		095A66912056CD4D001ACB14 /* Project object */ = {
			isa = PBXProject;
			attributes = {
				LastSwiftUpdateCheck = 0920;
				LastUpgradeCheck = 0920;
				ORGANIZATIONNAME = "MARTINS DIBANG";
				TargetAttributes = {
					095A66982056CD4D001ACB14 = {
						CreatedOnToolsVersion = 9.2;
						ProvisioningStyle = Automatic;
					};
				};
			};
			buildConfigurationList = 095A66942056CD4D001ACB14 /* Build configuration list for PBXProject "CarRace" */;
			compatibilityVersion = "Xcode 8.0";
			developmentRegion = en;
			hasScannedForEncodings = 0;
			knownRegions = (
				en,
				Base,
			);
			mainGroup = 095A66902056CD4D001ACB14;
			productRefGroup = 095A669A2056CD4D001ACB14 /* Products */;
			projectDirPath = "";
			projectRoot = "";
			targets = (
				095A66982056CD4D001ACB14 /* CarRace */,
			);
		};
/* End PBXProject section */

/* Begin PBXResourcesBuildPhase section */
		095A66972056CD4D001ACB14 /* Resources */ = {
			isa = PBXResourcesBuildPhase;
			buildActionMask = 2147483647;
			files = (
				095A66A82056CD4D001ACB14 /* Main.storyboard in Resources */,
				09534DC1208A2BBF007806E8 /* car1.png in Resources */,
				09534DC9208A2BBF007806E8 /* car6.png in Resources */,
				09534DB7208A2BBF007806E8 /* car2.png in Resources */,
				09534DCB208A2BBF007806E8 /* road13.png in Resources */,
				09534DBA208A2BBF007806E8 /* road16.png in Resources */,
				09534DC6208A2BBF007806E8 /* road12.png in Resources */,
				09534DB4208A2BBF007806E8 /* road9.png in Resources */,
				095A669F2056CD4D001ACB14 /* GameScene.sks in Resources */,
				09534DBB208A2BBF007806E8 /* replay.png in Resources */,
				09534DB2208A2BBF007806E8 /* car4.png in Resources */,
				095A66AA2056CD4D001ACB14 /* Assets.xcassets in Resources */,
				09534DBC208A2BBF007806E8 /* car5.png in Resources */,
				09534DC0208A2BBF007806E8 /* road14.png in Resources */,
				09534DB9208A2BBF007806E8 /* road18.png in Resources */,
				099B5B89208A2031002760C0 /* maxresdefault-2.jpg in Resources */,
				09534DB1208A2BBF007806E8 /* car3.png in Resources */,
				09534DB5208A2BBF007806E8 /* road15.png in Resources */,
				09534DB3208A2BBF007806E8 /* road7.png in Resources */,
				09EE89732088F724003B704C /* soco.mp3 in Resources */,
				0911896D2088FABD004C64C4 /* end.jpg in Resources */,
				09534DB6208A2BBF007806E8 /* road6.png in Resources */,
				09534DC2208A2BBF007806E8 /* road10.png in Resources */,
				09534DB0208A2BBF007806E8 /* road4.png in Resources */,
				09534DBF208A2BBF007806E8 /* road20.png in Resources */,
				099B5B8B208A2099002760C0 /* cars.jpg in Resources */,
				09534DC3208A2BBF007806E8 /* road17.png in Resources */,
				09534DC7208A2BBF007806E8 /* road3.png in Resources */,
				09534DC8208A2BBF007806E8 /* road11.png in Resources */,
				09534DBD208A2BBF007806E8 /* road5.png in Resources */,
				09534DC5208A2BBF007806E8 /* road8.png in Resources */,
				095A66AD2056CD4D001ACB14 /* LaunchScreen.storyboard in Resources */,
				09534DB8208A2BBF007806E8 /* road1.png in Resources */,
				09534DCA208A2BBF007806E8 /* road19.png in Resources */,
				09534DC4208A2BBF007806E8 /* car0.png in Resources */,
				095A66A12056CD4D001ACB14 /* Actions.sks in Resources */,
				09534DBE208A2BBF007806E8 /* road2.png in Resources */,
			);
			runOnlyForDeploymentPostprocessing = 0;
		};
/* End PBXResourcesBuildPhase section */

/* Begin PBXSourcesBuildPhase section */
		095A66952056CD4D001ACB14 /* Sources */ = {
			isa = PBXSourcesBuildPhase;
			buildActionMask = 2147483647;
			files = (
				095A66A32056CD4D001ACB14 /* GameScene.swift in Sources */,
				099927F5207B95EB0010210B /* DraggedImageView.swift in Sources */,
				095A66A52056CD4D001ACB14 /* GameViewController.swift in Sources */,
				095A669D2056CD4D001ACB14 /* AppDelegate.swift in Sources */,
			);
			runOnlyForDeploymentPostprocessing = 0;
		};
/* End PBXSourcesBuildPhase section */

/* Begin PBXVariantGroup section */
		095A66A62056CD4D001ACB14 /* Main.storyboard */ = {
			isa = PBXVariantGroup;
			children = (
				095A66A72056CD4D001ACB14 /* Base */,
			);
			name = Main.storyboard;
			sourceTree = "<group>";
		};
		095A66AB2056CD4D001ACB14 /* LaunchScreen.storyboard */ = {
			isa = PBXVariantGroup;
			children = (
				095A66AC2056CD4D001ACB14 /* Base */,
			);
			name = LaunchScreen.storyboard;
			sourceTree = "<group>";
		};
/* End PBXVariantGroup section */

/* Begin XCBuildConfiguration section */
		095A66AF2056CD4D001ACB14 /* Debug */ = {
			isa = XCBuildConfiguration;
			buildSettings = {
				ALWAYS_SEARCH_USER_PATHS = NO;
				CLANG_ANALYZER_NONNULL = YES;
				CLANG_ANALYZER_NUMBER_OBJECT_CONVERSION = YES_AGGRESSIVE;
				CLANG_CXX_LANGUAGE_STANDARD = "gnu++14";
				CLANG_CXX_LIBRARY = "libc++";
				CLANG_ENABLE_MODULES = YES;
				CLANG_ENABLE_OBJC_ARC = YES;
				CLANG_WARN_BLOCK_CAPTURE_AUTORELEASING = YES;
				CLANG_WARN_BOOL_CONVERSION = YES;
				CLANG_WARN_COMMA = YES;
				CLANG_WARN_CONSTANT_CONVERSION = YES;
				CLANG_WARN_DIRECT_OBJC_ISA_USAGE = YES_ERROR;
				CLANG_WARN_DOCUMENTATION_COMMENTS = YES;
				CLANG_WARN_EMPTY_BODY = YES;
				CLANG_WARN_ENUM_CONVERSION = YES;
				CLANG_WARN_INFINITE_RECURSION = YES;
				CLANG_WARN_INT_CONVERSION = YES;
				CLANG_WARN_NON_LITERAL_NULL_CONVERSION = YES;
				CLANG_WARN_OBJC_LITERAL_CONVERSION = YES;
				CLANG_WARN_OBJC_ROOT_CLASS = YES_ERROR;
				CLANG_WARN_RANGE_LOOP_ANALYSIS = YES;
				CLANG_WARN_STRICT_PROTOTYPES = YES;
				CLANG_WARN_SUSPICIOUS_MOVE = YES;
				CLANG_WARN_UNGUARDED_AVAILABILITY = YES_AGGRESSIVE;
				CLANG_WARN_UNREACHABLE_CODE = YES;
				CLANG_WARN__DUPLICATE_METHOD_MATCH = YES;
				CODE_SIGN_IDENTITY = "iPhone Developer";
				COPY_PHASE_STRIP = NO;
				DEBUG_INFORMATION_FORMAT = dwarf;
				ENABLE_STRICT_OBJC_MSGSEND = YES;
				ENABLE_TESTABILITY = YES;
				GCC_C_LANGUAGE_STANDARD = gnu11;
				GCC_DYNAMIC_NO_PIC = NO;
				GCC_NO_COMMON_BLOCKS = YES;
				GCC_OPTIMIZATION_LEVEL = 0;
				GCC_PREPROCESSOR_DEFINITIONS = (
					"DEBUG=1",
					"$(inherited)",
				);
				GCC_WARN_64_TO_32_BIT_CONVERSION = YES;
				GCC_WARN_ABOUT_RETURN_TYPE = YES_ERROR;
				GCC_WARN_UNDECLARED_SELECTOR = YES;
				GCC_WARN_UNINITIALIZED_AUTOS = YES_AGGRESSIVE;
				GCC_WARN_UNUSED_FUNCTION = YES;
				GCC_WARN_UNUSED_VARIABLE = YES;
				IPHONEOS_DEPLOYMENT_TARGET = 11.2;
				MTL_ENABLE_DEBUG_INFO = YES;
				ONLY_ACTIVE_ARCH = YES;
				SDKROOT = iphoneos;
				SWIFT_ACTIVE_COMPILATION_CONDITIONS = DEBUG;
				SWIFT_OPTIMIZATION_LEVEL = "-Onone";
			};
			name = Debug;
		};
		095A66B02056CD4D001ACB14 /* Release */ = {
			isa = XCBuildConfiguration;
			buildSettings = {
				ALWAYS_SEARCH_USER_PATHS = NO;
				CLANG_ANALYZER_NONNULL = YES;
				CLANG_ANALYZER_NUMBER_OBJECT_CONVERSION = YES_AGGRESSIVE;
				CLANG_CXX_LANGUAGE_STANDARD = "gnu++14";
				CLANG_CXX_LIBRARY = "libc++";
				CLANG_ENABLE_MODULES = YES;
				CLANG_ENABLE_OBJC_ARC = YES;
				CLANG_WARN_BLOCK_CAPTURE_AUTORELEASING = YES;
				CLANG_WARN_BOOL_CONVERSION = YES;
				CLANG_WARN_COMMA = YES;
				CLANG_WARN_CONSTANT_CONVERSION = YES;
				CLANG_WARN_DIRECT_OBJC_ISA_USAGE = YES_ERROR;
				CLANG_WARN_DOCUMENTATION_COMMENTS = YES;
				CLANG_WARN_EMPTY_BODY = YES;
				CLANG_WARN_ENUM_CONVERSION = YES;
				CLANG_WARN_INFINITE_RECURSION = YES;
				CLANG_WARN_INT_CONVERSION = YES;
				CLANG_WARN_NON_LITERAL_NULL_CONVERSION = YES;
				CLANG_WARN_OBJC_LITERAL_CONVERSION = YES;
				CLANG_WARN_OBJC_ROOT_CLASS = YES_ERROR;
				CLANG_WARN_RANGE_LOOP_ANALYSIS = YES;
				CLANG_WARN_STRICT_PROTOTYPES = YES;
				CLANG_WARN_SUSPICIOUS_MOVE = YES;
				CLANG_WARN_UNGUARDED_AVAILABILITY = YES_AGGRESSIVE;
				CLANG_WARN_UNREACHABLE_CODE = YES;
				CLANG_WARN__DUPLICATE_METHOD_MATCH = YES;
				CODE_SIGN_IDENTITY = "iPhone Developer";
				COPY_PHASE_STRIP = NO;
				DEBUG_INFORMATION_FORMAT = "dwarf-with-dsym";
				ENABLE_NS_ASSERTIONS = NO;
				ENABLE_STRICT_OBJC_MSGSEND = YES;
				GCC_C_LANGUAGE_STANDARD = gnu11;
				GCC_NO_COMMON_BLOCKS = YES;
				GCC_WARN_64_TO_32_BIT_CONVERSION = YES;
				GCC_WARN_ABOUT_RETURN_TYPE = YES_ERROR;
				GCC_WARN_UNDECLARED_SELECTOR = YES;
				GCC_WARN_UNINITIALIZED_AUTOS = YES_AGGRESSIVE;
				GCC_WARN_UNUSED_FUNCTION = YES;
				GCC_WARN_UNUSED_VARIABLE = YES;
				IPHONEOS_DEPLOYMENT_TARGET = 11.2;
				MTL_ENABLE_DEBUG_INFO = NO;
				SDKROOT = iphoneos;
				SWIFT_OPTIMIZATION_LEVEL = "-Owholemodule";
				VALIDATE_PRODUCT = YES;
			};
			name = Release;
		};
		095A66B22056CD4D001ACB14 /* Debug */ = {
			isa = XCBuildConfiguration;
			buildSettings = {
				ASSETCATALOG_COMPILER_APPICON_NAME = AppIcon;
				CODE_SIGN_STYLE = Automatic;
				DEVELOPMENT_TEAM = 7VRNG72D4G;
				INFOPLIST_FILE = CarRace/Info.plist;
				LD_RUNPATH_SEARCH_PATHS = "$(inherited) @executable_path/Frameworks";
				PRODUCT_BUNDLE_IDENTIFIER = com.dibang.CarRace;
				PRODUCT_NAME = "$(TARGET_NAME)";
				SWIFT_VERSION = 4.0;
				TARGETED_DEVICE_FAMILY = "1,2";
			};
			name = Debug;
		};
		095A66B32056CD4D001ACB14 /* Release */ = {
			isa = XCBuildConfiguration;
			buildSettings = {
				ASSETCATALOG_COMPILER_APPICON_NAME = AppIcon;
				CODE_SIGN_STYLE = Automatic;
				DEVELOPMENT_TEAM = 7VRNG72D4G;
				INFOPLIST_FILE = CarRace/Info.plist;
				LD_RUNPATH_SEARCH_PATHS = "$(inherited) @executable_path/Frameworks";
				PRODUCT_BUNDLE_IDENTIFIER = com.dibang.CarRace;
				PRODUCT_NAME = "$(TARGET_NAME)";
				SWIFT_VERSION = 4.0;
				TARGETED_DEVICE_FAMILY = "1,2";
			};
			name = Release;
		};
/* End XCBuildConfiguration section */

/* Begin XCConfigurationList section */
		095A66942056CD4D001ACB14 /* Build configuration list for PBXProject "CarRace" */ = {
			isa = XCConfigurationList;
			buildConfigurations = (
				095A66AF2056CD4D001ACB14 /* Debug */,
				095A66B02056CD4D001ACB14 /* Release */,
			);
			defaultConfigurationIsVisible = 0;
			defaultConfigurationName = Release;
		};
		095A66B12056CD4D001ACB14 /* Build configuration list for PBXNativeTarget "CarRace" */ = {
			isa = XCConfigurationList;
			buildConfigurations = (
				095A66B22056CD4D001ACB14 /* Debug */,
				095A66B32056CD4D001ACB14 /* Release */,
			);
			defaultConfigurationIsVisible = 0;
			defaultConfigurationName = Release;
		};
/* End XCConfigurationList section */
	};
	rootObject = 095A66912056CD4D001ACB14 /* Project object */;
}
